{
  "name": "327project",
  "lockfileVersion": 3,
  "requires": true,
  "packages": {
    "": {
      "dependencies": {
        "@huggingface/inference": "^4.7.1",
        "moment": "^2.30.1",
        "openai": "^5.19.1"
      }
    },
    "node_modules/@huggingface/inference": {
      "version": "4.7.1",
      "resolved": "https://registry.npmjs.org/@huggingface/inference/-/inference-4.7.1.tgz",
      "integrity": "sha512-gXrMocGDsE6kUZPEj82c3O+/OKnIfbHvg9rYjGA6svbWrYVmHCIAdCrrgCwNl2v5GELfPJrrfIv0bvzCTfa64A==",
      "license": "MIT",
      "dependencies": {
        "@huggingface/jinja": "^0.5.1",
        "@huggingface/tasks": "^0.19.35"
      },
      "engines": {
        "node": ">=18"
      }
    },
    "node_modules/@huggingface/jinja": {
      "version": "0.5.1",
      "resolved": "https://registry.npmjs.org/@huggingface/jinja/-/jinja-0.5.1.tgz",
      "integrity": "sha512-yUZLld4lrM9iFxHCwFQ7D1HW2MWMwSbeB7WzWqFYDWK+rEb+WldkLdAJxUPOmgICMHZLzZGVcVjFh3w/YGubng==",
      "license": "MIT",
      "engines": {
        "node": ">=18"
      }
    },
    "node_modules/@huggingface/tasks": {
      "version": "0.19.43",
      "resolved": "https://registry.npmjs.org/@huggingface/tasks/-/tasks-0.19.43.tgz",
      "integrity": "sha512-ANO23K3ugclBl6VLwdt+7MxBkRkKEE17USUSqprHb29UB5ISigH+0AJcEuDA064uzn0hqYrG/nOcv1yARRt8bw==",
      "license": "MIT"
    },
    "node_modules/moment": {
      "version": "2.30.1",
      "resolved": "https://registry.npmjs.org/moment/-/moment-2.30.1.tgz",
      "integrity": "sha512-uEmtNhbDOrWPFS+hdjFCBfy9f2YoyzRpwcl+DqpC6taX21FzsTLQVbMV/W7PzNSX6x/bhC1zA3c2UQ5NzH6how==",
      "license": "MIT",
      "engines": {
        "node": "*"
      }
    },
    "node_modules/openai": {
      "version": "5.19.1",
      "resolved": "https://registry.npmjs.org/openai/-/openai-5.19.1.tgz",
      "integrity": "sha512-zSqnUF7oR9ksmpusKkpUgkNrj8Sl57U+OyzO8jzc7LUjTMg4DRfR3uCm+EIMA6iw06sRPNp4t7ojp3sCpEUZRQ==",
      "license": "Apache-2.0",
      "bin": {
        "openai": "bin/cli"
      },
      "peerDependencies": {
        "ws": "^8.18.0",
        "zod": "^3.23.8"
      },
      "peerDependenciesMeta": {
        "ws": {
          "optional": true
        },
        "zod": {
          "optional": true
        }
      }
    }
  }
}
